
Microsoft Visual Studio Solution File, Format Version 12.00
# Visual Studio 15
VisualStudioVersion = 15.0.26430.6
MinimumVisualStudioVersion = 10.0.40219.1
Project("{8BC9CEB8-8B4A-11D0-8D11-00A0C91BC942}") = "001.HelloWorld", "001.HelloWorld\001.HelloWorld.vcxproj", "{C7F16422-D381-4363-A7C9-E3BA4CE47F9F}"
EndProject
Project("{8BC9CEB8-8B4A-11D0-8D11-00A0C91BC942}") = "002.DataTypes", "002.DataTypes\002.DataTypes.vcxproj", "{F7720434-7720-4832-B06B-921BF78C5AE6}"
EndProject
Project("{8BC9CEB8-8B4A-11D0-8D11-00A0C91BC942}") = "003.IfElse", "003.IfElse\003.IfElse.vcxproj", "{39DB52CD-F4FA-4353-92F2-6886C0C1CEB3}"
EndProject
Project("{8BC9CEB8-8B4A-11D0-8D11-00A0C91BC942}") = "004.Loops", "004.Loops\004.Loops.vcxproj", "{909A8A27-EA64-458F-9ED0-E01B884ABE97}"
EndProject
Project("{8BC9CEB8-8B4A-11D0-8D11-00A0C91BC942}") = "005.Array", "005.Array\005.Array.vcxproj", "{E8CD4227-72AA-4FF3-A69B-34164CAF2299}"
EndProject
Project("{8BC9CEB8-8B4A-11D0-8D11-00A0C91BC942}") = "006.Functions", "006.Functions\006.Functions.vcxproj", "{3DEE70C2-8085-4CCA-885C-4BE9B937E2F9}"
EndProject
Global
	GlobalSection(SolutionConfigurationPlatforms) = preSolution
		Debug|x64 = Debug|x64
		Debug|x86 = Debug|x86
		Release|x64 = Release|x64
		Release|x86 = Release|x86
	EndGlobalSection
	GlobalSection(ProjectConfigurationPlatforms) = postSolution
		{C7F16422-D381-4363-A7C9-E3BA4CE47F9F}.Debug|x64.ActiveCfg = Debug|x64
		{C7F16422-D381-4363-A7C9-E3BA4CE47F9F}.Debug|x64.Build.0 = Debug|x64
		{C7F16422-D381-4363-A7C9-E3BA4CE47F9F}.Debug|x86.ActiveCfg = Debug|Win32
		{C7F16422-D381-4363-A7C9-E3BA4CE47F9F}.Debug|x86.Build.0 = Debug|Win32
		{C7F16422-D381-4363-A7C9-E3BA4CE47F9F}.Release|x64.ActiveCfg = Release|x64
		{C7F16422-D381-4363-A7C9-E3BA4CE47F9F}.Release|x64.Build.0 = Release|x64
		{C7F16422-D381-4363-A7C9-E3BA4CE47F9F}.Release|x86.ActiveCfg = Release|Win32
		{C7F16422-D381-4363-A7C9-E3BA4CE47F9F}.Release|x86.Build.0 = Release|Win32
		{F7720434-7720-4832-B06B-921BF78C5AE6}.Debug|x64.ActiveCfg = Debug|x64
		{F7720434-7720-4832-B06B-921BF78C5AE6}.Debug|x64.Build.0 = Debug|x64
		{F7720434-7720-4832-B06B-921BF78C5AE6}.Debug|x86.ActiveCfg = Debug|Win32
		{F7720434-7720-4832-B06B-921BF78C5AE6}.Debug|x86.Build.0 = Debug|Win32
		{F7720434-7720-4832-B06B-921BF78C5AE6}.Release|x64.ActiveCfg = Release|x64
		{F7720434-7720-4832-B06B-921BF78C5AE6}.Release|x64.Build.0 = Release|x64
		{F7720434-7720-4832-B06B-921BF78C5AE6}.Release|x86.ActiveCfg = Release|Win32
		{F7720434-7720-4832-B06B-921BF78C5AE6}.Release|x86.Build.0 = Release|Win32
		{39DB52CD-F4FA-4353-92F2-6886C0C1CEB3}.Debug|x64.ActiveCfg = Debug|x64
		{39DB52CD-F4FA-4353-92F2-6886C0C1CEB3}.Debug|x64.Build.0 = Debug|x64
		{39DB52CD-F4FA-4353-92F2-6886C0C1CEB3}.Debug|x86.ActiveCfg = Debug|Win32
		{39DB52CD-F4FA-4353-92F2-6886C0C1CEB3}.Debug|x86.Build.0 = Debug|Win32
		{39DB52CD-F4FA-4353-92F2-6886C0C1CEB3}.Release|x64.ActiveCfg = Release|x64
		{39DB52CD-F4FA-4353-92F2-6886C0C1CEB3}.Release|x64.Build.0 = Release|x64
		{39DB52CD-F4FA-4353-92F2-6886C0C1CEB3}.Release|x86.ActiveCfg = Release|Win32
		{39DB52CD-F4FA-4353-92F2-6886C0C1CEB3}.Release|x86.Build.0 = Release|Win32
		{909A8A27-EA64-458F-9ED0-E01B884ABE97}.Debug|x64.ActiveCfg = Debug|x64
		{909A8A27-EA64-458F-9ED0-E01B884ABE97}.Debug|x64.Build.0 = Debug|x64
		{909A8A27-EA64-458F-9ED0-E01B884ABE97}.Debug|x86.ActiveCfg = Debug|Win32
		{909A8A27-EA64-458F-9ED0-E01B884ABE97}.Debug|x86.Build.0 = Debug|Win32
		{909A8A27-EA64-458F-9ED0-E01B884ABE97}.Release|x64.ActiveCfg = Release|x64
		{909A8A27-EA64-458F-9ED0-E01B884ABE97}.Release|x64.Build.0 = Release|x64
		{909A8A27-EA64-458F-9ED0-E01B884ABE97}.Release|x86.ActiveCfg = Release|Win32
		{909A8A27-EA64-458F-9ED0-E01B884ABE97}.Release|x86.Build.0 = Release|Win32
		{E8CD4227-72AA-4FF3-A69B-34164CAF2299}.Debug|x64.ActiveCfg = Debug|x64
		{E8CD4227-72AA-4FF3-A69B-34164CAF2299}.Debug|x64.Build.0 = Debug|x64
		{E8CD4227-72AA-4FF3-A69B-34164CAF2299}.Debug|x86.ActiveCfg = Debug|Win32
		{E8CD4227-72AA-4FF3-A69B-34164CAF2299}.Debug|x86.Build.0 = Debug|Win32
		{E8CD4227-72AA-4FF3-A69B-34164CAF2299}.Release|x64.ActiveCfg = Release|x64
		{E8CD4227-72AA-4FF3-A69B-34164CAF2299}.Release|x64.Build.0 = Release|x64
		{E8CD4227-72AA-4FF3-A69B-34164CAF2299}.Release|x86.ActiveCfg = Release|Win32
		{E8CD4227-72AA-4FF3-A69B-34164CAF2299}.Release|x86.Build.0 = Release|Win32
		{3DEE70C2-8085-4CCA-885C-4BE9B937E2F9}.Debug|x64.ActiveCfg = Debug|x64
		{3DEE70C2-8085-4CCA-885C-4BE9B937E2F9}.Debug|x64.Build.0 = Debug|x64
		{3DEE70C2-8085-4CCA-885C-4BE9B937E2F9}.Debug|x86.ActiveCfg = Debug|Win32
		{3DEE70C2-8085-4CCA-885C-4BE9B937E2F9}.Debug|x86.Build.0 = Debug|Win32
		{3DEE70C2-8085-4CCA-885C-4BE9B937E2F9}.Release|x64.ActiveCfg = Release|x64
		{3DEE70C2-8085-4CCA-885C-4BE9B937E2F9}.Release|x64.Build.0 = Release|x64
		{3DEE70C2-8085-4CCA-885C-4BE9B937E2F9}.Release|x86.ActiveCfg = Release|Win32
		{3DEE70C2-8085-4CCA-885C-4BE9B937E2F9}.Release|x86.Build.0 = Release|Win32
	EndGlobalSection
	GlobalSection(SolutionProperties) = preSolution
		HideSolutionNode = FALSE
	EndGlobalSection
EndGlobal
