
Microsoft Visual Studio Solution File, Format Version 12.00
# Visual Studio 15
VisualStudioVersion = 15.0.26430.14
MinimumVisualStudioVersion = 10.0.40219.1
Project("{8BC9CEB8-8B4A-11D0-8D11-00A0C91BC942}") = "001.HelloWorld", "001.HelloWorld\001.HelloWorld.vcxproj", "{C7F16422-D381-4363-A7C9-E3BA4CE47F9F}"
EndProject
Project("{8BC9CEB8-8B4A-11D0-8D11-00A0C91BC942}") = "002.DataTypes", "002.DataTypes\002.DataTypes.vcxproj", "{F7720434-7720-4832-B06B-921BF78C5AE6}"
EndProject
Project("{8BC9CEB8-8B4A-11D0-8D11-00A0C91BC942}") = "003.IfElse", "003.IfElse\003.IfElse.vcxproj", "{39DB52CD-F4FA-4353-92F2-6886C0C1CEB3}"
EndProject
Project("{8BC9CEB8-8B4A-11D0-8D11-00A0C91BC942}") = "004.Loops", "004.Loops\004.Loops.vcxproj", "{909A8A27-EA64-458F-9ED0-E01B884ABE97}"
EndProject
Project("{8BC9CEB8-8B4A-11D0-8D11-00A0C91BC942}") = "005.Array", "005.Array\005.Array.vcxproj", "{E8CD4227-72AA-4FF3-A69B-34164CAF2299}"
EndProject
Project("{8BC9CEB8-8B4A-11D0-8D11-00A0C91BC942}") = "006.Functions", "006.Functions\006.Functions.vcxproj", "{3DEE70C2-8085-4CCA-885C-4BE9B937E2F9}"
EndProject
Project("{8BC9CEB8-8B4A-11D0-8D11-00A0C91BC942}") = "007.Pointer", "007.Pointer\007.Pointer.vcxproj", "{8C972A89-0971-4562-A092-26C4C8EE5513}"
EndProject
Project("{8BC9CEB8-8B4A-11D0-8D11-00A0C91BC942}") = "008.Reference", "008.Reference\008.Reference.vcxproj", "{E7048202-6605-4A88-A230-33DF7A6ED9BC}"
EndProject
Project("{8BC9CEB8-8B4A-11D0-8D11-00A0C91BC942}") = "009.DynamicArray", "009.DynamicArray\009.DynamicArray.vcxproj", "{93E8A1A5-04C2-484F-830C-647D03ECB3B3}"
EndProject
Project("{8BC9CEB8-8B4A-11D0-8D11-00A0C91BC942}") = "010.Classes", "010.Classes\010.Classes.vcxproj", "{DF03F98B-7D2E-4B86-9456-0498735C263A}"
EndProject
Project("{8BC9CEB8-8B4A-11D0-8D11-00A0C91BC942}") = "011.TextFileIO", "011.TextFileIO\011.TextFileIO.vcxproj", "{AFB82E93-DD0E-4908-BE49-434A14F018E7}"
EndProject
Project("{8BC9CEB8-8B4A-11D0-8D11-00A0C91BC942}") = "012.Template", "012.Template\012.Template.vcxproj", "{F733E169-8483-4565-969D-5DD562C4F334}"
EndProject
Project("{8BC9CEB8-8B4A-11D0-8D11-00A0C91BC942}") = "013.OperatorOverloading", "013.OperatorOverloading\013.OperatorOverloading.vcxproj", "{75A02E18-399C-4E60-96AC-A6227325F2FF}"
EndProject
Project("{8BC9CEB8-8B4A-11D0-8D11-00A0C91BC942}") = "014.STL_Vector", "014.STL_Vector\014.STL_Vector.vcxproj", "{DEBA8D22-540A-4310-9E0F-30D371985D74}"
EndProject
Project("{8BC9CEB8-8B4A-11D0-8D11-00A0C91BC942}") = "015.STL_List", "015.STL_List\015.STL_List.vcxproj", "{E618225D-D96F-4F83-8BD2-1F24188C2ECF}"
EndProject
Project("{8BC9CEB8-8B4A-11D0-8D11-00A0C91BC942}") = "016.STL_Map", "016.STL_Map\016.STL_Map.vcxproj", "{4BA31D4B-67DA-4405-B3E9-3D3805F572F1}"
EndProject
Project("{8BC9CEB8-8B4A-11D0-8D11-00A0C91BC942}") = "017.STL_CountCount_If", "017.STL_CountCount_If\017.STL_CountCount_If.vcxproj", "{3074871F-E677-4C04-A420-5EDBE48C5B0C}"
EndProject
Project("{8BC9CEB8-8B4A-11D0-8D11-00A0C91BC942}") = "018.STL_All_OfAny_OfNone_Of", "018.STL_All_OfAny_OfNone_Of\018.STL_All_OfAny_OfNone_Of.vcxproj", "{DED666ED-7931-4FB6-8B5E-54C0F983EE70}"
EndProject
Project("{8BC9CEB8-8B4A-11D0-8D11-00A0C91BC942}") = "019.STL_ForEachRangeFor", "019.STL_ForEachRangeFor\019.STL_ForEachRangeFor.vcxproj", "{3D961957-2EC6-4E44-8065-5A2695B879C8}"
EndProject
Project("{8BC9CEB8-8B4A-11D0-8D11-00A0C91BC942}") = "020.STL_Mismatch", "020.STL_Mismatch\020.STL_Mismatch.vcxproj", "{2CC20EF7-EC21-4ACC-AE9C-08079BC2A21C}"
EndProject
Project("{8BC9CEB8-8B4A-11D0-8D11-00A0C91BC942}") = "021.STL_Equal", "021.STL_Equal\021.STL_Equal.vcxproj", "{7CFD9DB1-E99D-4FE5-AB59-7E437F5290B7}"
EndProject
Project("{8BC9CEB8-8B4A-11D0-8D11-00A0C91BC942}") = "022.STL_FindFind_IfFint_If_Not", "022.STL_FindFind_IfFint_If_Not\022.STL_FindFind_IfFint_If_Not.vcxproj", "{0BDEF168-AFB3-4AD6-A061-B16123473B24}"
EndProject
Project("{8BC9CEB8-8B4A-11D0-8D11-00A0C91BC942}") = "023.STL_CopyCopy_IfCopy_NCopy_Backward", "023.STL_CopyCopy_IfCopy_NCopy_Backward\023.STL_CopyCopy_IfCopy_NCopy_Backward.vcxproj", "{4289FC7B-251B-4FE3-8D4D-07FC78792CEC}"
EndProject
Project("{8BC9CEB8-8B4A-11D0-8D11-00A0C91BC942}") = "024.STL_MoveMove_Backward", "024.STL_MoveMove_Backward\024.STL_MoveMove_Backward.vcxproj", "{62400A09-6145-4DC8-82B6-FC16FF6C69DE}"
EndProject
Project("{8BC9CEB8-8B4A-11D0-8D11-00A0C91BC942}") = "025.STL_FillFill_N", "025.STL_FillFill_N\025.STL_FillFill_N.vcxproj", "{E22646CE-B6F8-4C14-87AB-20931BBB0DD7}"
EndProject
Project("{8BC9CEB8-8B4A-11D0-8D11-00A0C91BC942}") = "026.STL_Transform", "026.STL_Transform\026.STL_Transform.vcxproj", "{3A6BAB35-367C-4338-9B18-25A52477FB92}"
EndProject
Project("{8BC9CEB8-8B4A-11D0-8D11-00A0C91BC942}") = "027.STL_GenerateGenerate_N", "027.STL_GenerateGenerate_N\027.STL_GenerateGenerate_N.vcxproj", "{43C78D8F-575E-4D2C-8D4B-F77782F0FBFD}"
EndProject
Project("{8BC9CEB8-8B4A-11D0-8D11-00A0C91BC942}") = "028.STL_RemoveRemove_IfRemove_CopyRemove_Copy_If", "028.STL_RemoveRemove_IfRemove_CopyRemove_Copy_If\028.STL_RemoveRemove_IfRemove_CopyRemove_Copy_If.vcxproj", "{0E29C126-CD1F-44C2-9FBE-3A2BB0395169}"
EndProject
Project("{8BC9CEB8-8B4A-11D0-8D11-00A0C91BC942}") = "029.STL_ReplaceReplace_IfReplace_CopyReplace_Copy_If", "029.STL_ReplaceReplace_IfReplace_CopyReplace_Copy_If\029.STL_ReplaceReplace_IfReplace_CopyReplace_Copy_If.vcxproj", "{75CFCACB-BC1A-4CD4-AE7F-9C8D299F20B3}"
EndProject
Project("{8BC9CEB8-8B4A-11D0-8D11-00A0C91BC942}") = "030.STL_SwapSwap_RangesIter_Swap", "030.STL_SwapSwap_RangesIter_Swap\030.STL_SwapSwap_RangesIter_Swap.vcxproj", "{A677BE73-FCFC-4A2F-AD23-571579FCFFCD}"
EndProject
Project("{8BC9CEB8-8B4A-11D0-8D11-00A0C91BC942}") = "031.STL_ReverseReverse_Copy", "031.STL_ReverseReverse_Copy\031.STL_ReverseReverse_Copy.vcxproj", "{AEE7F843-45BF-4FC7-AA15-F3B4E24854C9}"
EndProject
Project("{8BC9CEB8-8B4A-11D0-8D11-00A0C91BC942}") = "032.STL_RotateRotate_Copy", "032.STL_RotateRotate_Copy\032.STL_RotateRotate_Copy.vcxproj", "{5A5CB28C-CF5B-4175-98F9-6BECA095DFA2}"
EndProject
Project("{8BC9CEB8-8B4A-11D0-8D11-00A0C91BC942}") = "033.STL_ShuffleRandom_Shuffle", "032.STL_ShuffleRandom_Shuffle\032.STL_ShuffleRandom_Shuffle.vcxproj", "{8E434528-9117-4E64-845E-E4401CF0F4CA}"
EndProject
Project("{8BC9CEB8-8B4A-11D0-8D11-00A0C91BC942}") = "034.STL_UniqueUnique_Copy", "034.STL_UniqueUnique_Copy\034.STL_UniqueUnique_Copy.vcxproj", "{03E5D17A-6B84-49EC-8193-3523DAE6E209}"
EndProject
Project("{8BC9CEB8-8B4A-11D0-8D11-00A0C91BC942}") = "035.STL_Partition_and_Etc", "035.STL_Partition_and_Etc\035.STL_Partition_and_Etc.vcxproj", "{27BE96F0-16DE-432E-BB8C-BA6C5502CD5E}"
EndProject
Project("{8BC9CEB8-8B4A-11D0-8D11-00A0C91BC942}") = "036.STL_SortAndEtc", "036.STL_SortAndEtc\036.STL_SortAndEtc.vcxproj", "{02F57823-B69C-4342-B903-2241EA5729A5}"
EndProject
Project("{8BC9CEB8-8B4A-11D0-8D11-00A0C91BC942}") = "037.STL_BinarySearch", "037.STL_BinarySearch\037.STL_BinarySearch.vcxproj", "{BDA947DB-CA54-49AA-AAFF-9DEAE7DD4727}"
EndProject
Project("{8BC9CEB8-8B4A-11D0-8D11-00A0C91BC942}") = "038.STL_OperationOnSet", "038.STL_OperationOnSet\038.STL_OperationOnSet.vcxproj", "{241450CE-983E-45A2-8A04-5B9A5D1D7EFF}"
EndProject
Project("{8BC9CEB8-8B4A-11D0-8D11-00A0C91BC942}") = "039.STL_OperationOnHeap", "039.STL_OperationOnHeap\039.STL_OperationOnHeap.vcxproj", "{5B2856A8-6B69-4817-A8EA-9993A2253CAD}"
EndProject
Project("{8BC9CEB8-8B4A-11D0-8D11-00A0C91BC942}") = "040.STL_MinMaxPermutation", "040.STL_MinMaxPermutation\040.STL_MinMaxPermutation.vcxproj", "{7B12C7F2-BB10-4A5C-B676-F1DC7EA71D88}"
EndProject
Global
	GlobalSection(SolutionConfigurationPlatforms) = preSolution
		Debug|Any CPU = Debug|Any CPU
		Debug|x64 = Debug|x64
		Debug|x86 = Debug|x86
		Release|Any CPU = Release|Any CPU
		Release|x64 = Release|x64
		Release|x86 = Release|x86
	EndGlobalSection
	GlobalSection(ProjectConfigurationPlatforms) = postSolution
		{C7F16422-D381-4363-A7C9-E3BA4CE47F9F}.Debug|Any CPU.ActiveCfg = Debug|Win32
		{C7F16422-D381-4363-A7C9-E3BA4CE47F9F}.Debug|x64.ActiveCfg = Debug|x64
		{C7F16422-D381-4363-A7C9-E3BA4CE47F9F}.Debug|x64.Build.0 = Debug|x64
		{C7F16422-D381-4363-A7C9-E3BA4CE47F9F}.Debug|x86.ActiveCfg = Debug|Win32
		{C7F16422-D381-4363-A7C9-E3BA4CE47F9F}.Debug|x86.Build.0 = Debug|Win32
		{C7F16422-D381-4363-A7C9-E3BA4CE47F9F}.Release|Any CPU.ActiveCfg = Release|Win32
		{C7F16422-D381-4363-A7C9-E3BA4CE47F9F}.Release|x64.ActiveCfg = Release|x64
		{C7F16422-D381-4363-A7C9-E3BA4CE47F9F}.Release|x64.Build.0 = Release|x64
		{C7F16422-D381-4363-A7C9-E3BA4CE47F9F}.Release|x86.ActiveCfg = Release|Win32
		{C7F16422-D381-4363-A7C9-E3BA4CE47F9F}.Release|x86.Build.0 = Release|Win32
		{F7720434-7720-4832-B06B-921BF78C5AE6}.Debug|Any CPU.ActiveCfg = Debug|Win32
		{F7720434-7720-4832-B06B-921BF78C5AE6}.Debug|x64.ActiveCfg = Debug|x64
		{F7720434-7720-4832-B06B-921BF78C5AE6}.Debug|x64.Build.0 = Debug|x64
		{F7720434-7720-4832-B06B-921BF78C5AE6}.Debug|x86.ActiveCfg = Debug|Win32
		{F7720434-7720-4832-B06B-921BF78C5AE6}.Debug|x86.Build.0 = Debug|Win32
		{F7720434-7720-4832-B06B-921BF78C5AE6}.Release|Any CPU.ActiveCfg = Release|Win32
		{F7720434-7720-4832-B06B-921BF78C5AE6}.Release|x64.ActiveCfg = Release|x64
		{F7720434-7720-4832-B06B-921BF78C5AE6}.Release|x64.Build.0 = Release|x64
		{F7720434-7720-4832-B06B-921BF78C5AE6}.Release|x86.ActiveCfg = Release|Win32
		{F7720434-7720-4832-B06B-921BF78C5AE6}.Release|x86.Build.0 = Release|Win32
		{39DB52CD-F4FA-4353-92F2-6886C0C1CEB3}.Debug|Any CPU.ActiveCfg = Debug|Win32
		{39DB52CD-F4FA-4353-92F2-6886C0C1CEB3}.Debug|x64.ActiveCfg = Debug|x64
		{39DB52CD-F4FA-4353-92F2-6886C0C1CEB3}.Debug|x64.Build.0 = Debug|x64
		{39DB52CD-F4FA-4353-92F2-6886C0C1CEB3}.Debug|x86.ActiveCfg = Debug|Win32
		{39DB52CD-F4FA-4353-92F2-6886C0C1CEB3}.Debug|x86.Build.0 = Debug|Win32
		{39DB52CD-F4FA-4353-92F2-6886C0C1CEB3}.Release|Any CPU.ActiveCfg = Release|Win32
		{39DB52CD-F4FA-4353-92F2-6886C0C1CEB3}.Release|x64.ActiveCfg = Release|x64
		{39DB52CD-F4FA-4353-92F2-6886C0C1CEB3}.Release|x64.Build.0 = Release|x64
		{39DB52CD-F4FA-4353-92F2-6886C0C1CEB3}.Release|x86.ActiveCfg = Release|Win32
		{39DB52CD-F4FA-4353-92F2-6886C0C1CEB3}.Release|x86.Build.0 = Release|Win32
		{909A8A27-EA64-458F-9ED0-E01B884ABE97}.Debug|Any CPU.ActiveCfg = Debug|Win32
		{909A8A27-EA64-458F-9ED0-E01B884ABE97}.Debug|x64.ActiveCfg = Debug|x64
		{909A8A27-EA64-458F-9ED0-E01B884ABE97}.Debug|x64.Build.0 = Debug|x64
		{909A8A27-EA64-458F-9ED0-E01B884ABE97}.Debug|x86.ActiveCfg = Debug|Win32
		{909A8A27-EA64-458F-9ED0-E01B884ABE97}.Debug|x86.Build.0 = Debug|Win32
		{909A8A27-EA64-458F-9ED0-E01B884ABE97}.Release|Any CPU.ActiveCfg = Release|Win32
		{909A8A27-EA64-458F-9ED0-E01B884ABE97}.Release|x64.ActiveCfg = Release|x64
		{909A8A27-EA64-458F-9ED0-E01B884ABE97}.Release|x64.Build.0 = Release|x64
		{909A8A27-EA64-458F-9ED0-E01B884ABE97}.Release|x86.ActiveCfg = Release|Win32
		{909A8A27-EA64-458F-9ED0-E01B884ABE97}.Release|x86.Build.0 = Release|Win32
		{E8CD4227-72AA-4FF3-A69B-34164CAF2299}.Debug|Any CPU.ActiveCfg = Debug|Win32
		{E8CD4227-72AA-4FF3-A69B-34164CAF2299}.Debug|x64.ActiveCfg = Debug|x64
		{E8CD4227-72AA-4FF3-A69B-34164CAF2299}.Debug|x64.Build.0 = Debug|x64
		{E8CD4227-72AA-4FF3-A69B-34164CAF2299}.Debug|x86.ActiveCfg = Debug|Win32
		{E8CD4227-72AA-4FF3-A69B-34164CAF2299}.Debug|x86.Build.0 = Debug|Win32
		{E8CD4227-72AA-4FF3-A69B-34164CAF2299}.Release|Any CPU.ActiveCfg = Release|Win32
		{E8CD4227-72AA-4FF3-A69B-34164CAF2299}.Release|x64.ActiveCfg = Release|x64
		{E8CD4227-72AA-4FF3-A69B-34164CAF2299}.Release|x64.Build.0 = Release|x64
		{E8CD4227-72AA-4FF3-A69B-34164CAF2299}.Release|x86.ActiveCfg = Release|Win32
		{E8CD4227-72AA-4FF3-A69B-34164CAF2299}.Release|x86.Build.0 = Release|Win32
		{3DEE70C2-8085-4CCA-885C-4BE9B937E2F9}.Debug|Any CPU.ActiveCfg = Debug|Win32
		{3DEE70C2-8085-4CCA-885C-4BE9B937E2F9}.Debug|x64.ActiveCfg = Debug|x64
		{3DEE70C2-8085-4CCA-885C-4BE9B937E2F9}.Debug|x64.Build.0 = Debug|x64
		{3DEE70C2-8085-4CCA-885C-4BE9B937E2F9}.Debug|x86.ActiveCfg = Debug|Win32
		{3DEE70C2-8085-4CCA-885C-4BE9B937E2F9}.Debug|x86.Build.0 = Debug|Win32
		{3DEE70C2-8085-4CCA-885C-4BE9B937E2F9}.Release|Any CPU.ActiveCfg = Release|Win32
		{3DEE70C2-8085-4CCA-885C-4BE9B937E2F9}.Release|x64.ActiveCfg = Release|x64
		{3DEE70C2-8085-4CCA-885C-4BE9B937E2F9}.Release|x64.Build.0 = Release|x64
		{3DEE70C2-8085-4CCA-885C-4BE9B937E2F9}.Release|x86.ActiveCfg = Release|Win32
		{3DEE70C2-8085-4CCA-885C-4BE9B937E2F9}.Release|x86.Build.0 = Release|Win32
		{8C972A89-0971-4562-A092-26C4C8EE5513}.Debug|Any CPU.ActiveCfg = Debug|Win32
		{8C972A89-0971-4562-A092-26C4C8EE5513}.Debug|x64.ActiveCfg = Debug|x64
		{8C972A89-0971-4562-A092-26C4C8EE5513}.Debug|x64.Build.0 = Debug|x64
		{8C972A89-0971-4562-A092-26C4C8EE5513}.Debug|x86.ActiveCfg = Debug|Win32
		{8C972A89-0971-4562-A092-26C4C8EE5513}.Debug|x86.Build.0 = Debug|Win32
		{8C972A89-0971-4562-A092-26C4C8EE5513}.Release|Any CPU.ActiveCfg = Release|Win32
		{8C972A89-0971-4562-A092-26C4C8EE5513}.Release|x64.ActiveCfg = Release|x64
		{8C972A89-0971-4562-A092-26C4C8EE5513}.Release|x64.Build.0 = Release|x64
		{8C972A89-0971-4562-A092-26C4C8EE5513}.Release|x86.ActiveCfg = Release|Win32
		{8C972A89-0971-4562-A092-26C4C8EE5513}.Release|x86.Build.0 = Release|Win32
		{E7048202-6605-4A88-A230-33DF7A6ED9BC}.Debug|Any CPU.ActiveCfg = Debug|Win32
		{E7048202-6605-4A88-A230-33DF7A6ED9BC}.Debug|x64.ActiveCfg = Debug|x64
		{E7048202-6605-4A88-A230-33DF7A6ED9BC}.Debug|x64.Build.0 = Debug|x64
		{E7048202-6605-4A88-A230-33DF7A6ED9BC}.Debug|x86.ActiveCfg = Debug|Win32
		{E7048202-6605-4A88-A230-33DF7A6ED9BC}.Debug|x86.Build.0 = Debug|Win32
		{E7048202-6605-4A88-A230-33DF7A6ED9BC}.Release|Any CPU.ActiveCfg = Release|Win32
		{E7048202-6605-4A88-A230-33DF7A6ED9BC}.Release|x64.ActiveCfg = Release|x64
		{E7048202-6605-4A88-A230-33DF7A6ED9BC}.Release|x64.Build.0 = Release|x64
		{E7048202-6605-4A88-A230-33DF7A6ED9BC}.Release|x86.ActiveCfg = Release|Win32
		{E7048202-6605-4A88-A230-33DF7A6ED9BC}.Release|x86.Build.0 = Release|Win32
		{93E8A1A5-04C2-484F-830C-647D03ECB3B3}.Debug|Any CPU.ActiveCfg = Debug|Win32
		{93E8A1A5-04C2-484F-830C-647D03ECB3B3}.Debug|x64.ActiveCfg = Debug|x64
		{93E8A1A5-04C2-484F-830C-647D03ECB3B3}.Debug|x64.Build.0 = Debug|x64
		{93E8A1A5-04C2-484F-830C-647D03ECB3B3}.Debug|x86.ActiveCfg = Debug|Win32
		{93E8A1A5-04C2-484F-830C-647D03ECB3B3}.Debug|x86.Build.0 = Debug|Win32
		{93E8A1A5-04C2-484F-830C-647D03ECB3B3}.Release|Any CPU.ActiveCfg = Release|Win32
		{93E8A1A5-04C2-484F-830C-647D03ECB3B3}.Release|x64.ActiveCfg = Release|x64
		{93E8A1A5-04C2-484F-830C-647D03ECB3B3}.Release|x64.Build.0 = Release|x64
		{93E8A1A5-04C2-484F-830C-647D03ECB3B3}.Release|x86.ActiveCfg = Release|Win32
		{93E8A1A5-04C2-484F-830C-647D03ECB3B3}.Release|x86.Build.0 = Release|Win32
		{DF03F98B-7D2E-4B86-9456-0498735C263A}.Debug|Any CPU.ActiveCfg = Debug|Win32
		{DF03F98B-7D2E-4B86-9456-0498735C263A}.Debug|x64.ActiveCfg = Debug|x64
		{DF03F98B-7D2E-4B86-9456-0498735C263A}.Debug|x64.Build.0 = Debug|x64
		{DF03F98B-7D2E-4B86-9456-0498735C263A}.Debug|x86.ActiveCfg = Debug|Win32
		{DF03F98B-7D2E-4B86-9456-0498735C263A}.Debug|x86.Build.0 = Debug|Win32
		{DF03F98B-7D2E-4B86-9456-0498735C263A}.Release|Any CPU.ActiveCfg = Release|Win32
		{DF03F98B-7D2E-4B86-9456-0498735C263A}.Release|x64.ActiveCfg = Release|x64
		{DF03F98B-7D2E-4B86-9456-0498735C263A}.Release|x64.Build.0 = Release|x64
		{DF03F98B-7D2E-4B86-9456-0498735C263A}.Release|x86.ActiveCfg = Release|Win32
		{DF03F98B-7D2E-4B86-9456-0498735C263A}.Release|x86.Build.0 = Release|Win32
		{AFB82E93-DD0E-4908-BE49-434A14F018E7}.Debug|Any CPU.ActiveCfg = Debug|Win32
		{AFB82E93-DD0E-4908-BE49-434A14F018E7}.Debug|x64.ActiveCfg = Debug|x64
		{AFB82E93-DD0E-4908-BE49-434A14F018E7}.Debug|x64.Build.0 = Debug|x64
		{AFB82E93-DD0E-4908-BE49-434A14F018E7}.Debug|x86.ActiveCfg = Debug|Win32
		{AFB82E93-DD0E-4908-BE49-434A14F018E7}.Debug|x86.Build.0 = Debug|Win32
		{AFB82E93-DD0E-4908-BE49-434A14F018E7}.Release|Any CPU.ActiveCfg = Release|Win32
		{AFB82E93-DD0E-4908-BE49-434A14F018E7}.Release|x64.ActiveCfg = Release|x64
		{AFB82E93-DD0E-4908-BE49-434A14F018E7}.Release|x64.Build.0 = Release|x64
		{AFB82E93-DD0E-4908-BE49-434A14F018E7}.Release|x86.ActiveCfg = Release|Win32
		{AFB82E93-DD0E-4908-BE49-434A14F018E7}.Release|x86.Build.0 = Release|Win32
		{F733E169-8483-4565-969D-5DD562C4F334}.Debug|Any CPU.ActiveCfg = Debug|Win32
		{F733E169-8483-4565-969D-5DD562C4F334}.Debug|x64.ActiveCfg = Debug|x64
		{F733E169-8483-4565-969D-5DD562C4F334}.Debug|x64.Build.0 = Debug|x64
		{F733E169-8483-4565-969D-5DD562C4F334}.Debug|x86.ActiveCfg = Debug|Win32
		{F733E169-8483-4565-969D-5DD562C4F334}.Debug|x86.Build.0 = Debug|Win32
		{F733E169-8483-4565-969D-5DD562C4F334}.Release|Any CPU.ActiveCfg = Release|Win32
		{F733E169-8483-4565-969D-5DD562C4F334}.Release|x64.ActiveCfg = Release|x64
		{F733E169-8483-4565-969D-5DD562C4F334}.Release|x64.Build.0 = Release|x64
		{F733E169-8483-4565-969D-5DD562C4F334}.Release|x86.ActiveCfg = Release|Win32
		{F733E169-8483-4565-969D-5DD562C4F334}.Release|x86.Build.0 = Release|Win32
		{75A02E18-399C-4E60-96AC-A6227325F2FF}.Debug|Any CPU.ActiveCfg = Debug|Win32
		{75A02E18-399C-4E60-96AC-A6227325F2FF}.Debug|x64.ActiveCfg = Debug|x64
		{75A02E18-399C-4E60-96AC-A6227325F2FF}.Debug|x64.Build.0 = Debug|x64
		{75A02E18-399C-4E60-96AC-A6227325F2FF}.Debug|x86.ActiveCfg = Debug|Win32
		{75A02E18-399C-4E60-96AC-A6227325F2FF}.Debug|x86.Build.0 = Debug|Win32
		{75A02E18-399C-4E60-96AC-A6227325F2FF}.Release|Any CPU.ActiveCfg = Release|Win32
		{75A02E18-399C-4E60-96AC-A6227325F2FF}.Release|x64.ActiveCfg = Release|x64
		{75A02E18-399C-4E60-96AC-A6227325F2FF}.Release|x64.Build.0 = Release|x64
		{75A02E18-399C-4E60-96AC-A6227325F2FF}.Release|x86.ActiveCfg = Release|Win32
		{75A02E18-399C-4E60-96AC-A6227325F2FF}.Release|x86.Build.0 = Release|Win32
		{DEBA8D22-540A-4310-9E0F-30D371985D74}.Debug|Any CPU.ActiveCfg = Debug|Win32
		{DEBA8D22-540A-4310-9E0F-30D371985D74}.Debug|x64.ActiveCfg = Debug|x64
		{DEBA8D22-540A-4310-9E0F-30D371985D74}.Debug|x64.Build.0 = Debug|x64
		{DEBA8D22-540A-4310-9E0F-30D371985D74}.Debug|x86.ActiveCfg = Debug|Win32
		{DEBA8D22-540A-4310-9E0F-30D371985D74}.Debug|x86.Build.0 = Debug|Win32
		{DEBA8D22-540A-4310-9E0F-30D371985D74}.Release|Any CPU.ActiveCfg = Release|Win32
		{DEBA8D22-540A-4310-9E0F-30D371985D74}.Release|x64.ActiveCfg = Release|x64
		{DEBA8D22-540A-4310-9E0F-30D371985D74}.Release|x64.Build.0 = Release|x64
		{DEBA8D22-540A-4310-9E0F-30D371985D74}.Release|x86.ActiveCfg = Release|Win32
		{DEBA8D22-540A-4310-9E0F-30D371985D74}.Release|x86.Build.0 = Release|Win32
		{E618225D-D96F-4F83-8BD2-1F24188C2ECF}.Debug|Any CPU.ActiveCfg = Debug|Win32
		{E618225D-D96F-4F83-8BD2-1F24188C2ECF}.Debug|x64.ActiveCfg = Debug|x64
		{E618225D-D96F-4F83-8BD2-1F24188C2ECF}.Debug|x64.Build.0 = Debug|x64
		{E618225D-D96F-4F83-8BD2-1F24188C2ECF}.Debug|x86.ActiveCfg = Debug|Win32
		{E618225D-D96F-4F83-8BD2-1F24188C2ECF}.Debug|x86.Build.0 = Debug|Win32
		{E618225D-D96F-4F83-8BD2-1F24188C2ECF}.Release|Any CPU.ActiveCfg = Release|Win32
		{E618225D-D96F-4F83-8BD2-1F24188C2ECF}.Release|x64.ActiveCfg = Release|x64
		{E618225D-D96F-4F83-8BD2-1F24188C2ECF}.Release|x64.Build.0 = Release|x64
		{E618225D-D96F-4F83-8BD2-1F24188C2ECF}.Release|x86.ActiveCfg = Release|Win32
		{E618225D-D96F-4F83-8BD2-1F24188C2ECF}.Release|x86.Build.0 = Release|Win32
		{4BA31D4B-67DA-4405-B3E9-3D3805F572F1}.Debug|Any CPU.ActiveCfg = Debug|Win32
		{4BA31D4B-67DA-4405-B3E9-3D3805F572F1}.Debug|x64.ActiveCfg = Debug|x64
		{4BA31D4B-67DA-4405-B3E9-3D3805F572F1}.Debug|x64.Build.0 = Debug|x64
		{4BA31D4B-67DA-4405-B3E9-3D3805F572F1}.Debug|x86.ActiveCfg = Debug|Win32
		{4BA31D4B-67DA-4405-B3E9-3D3805F572F1}.Debug|x86.Build.0 = Debug|Win32
		{4BA31D4B-67DA-4405-B3E9-3D3805F572F1}.Release|Any CPU.ActiveCfg = Release|Win32
		{4BA31D4B-67DA-4405-B3E9-3D3805F572F1}.Release|x64.ActiveCfg = Release|x64
		{4BA31D4B-67DA-4405-B3E9-3D3805F572F1}.Release|x64.Build.0 = Release|x64
		{4BA31D4B-67DA-4405-B3E9-3D3805F572F1}.Release|x86.ActiveCfg = Release|Win32
		{4BA31D4B-67DA-4405-B3E9-3D3805F572F1}.Release|x86.Build.0 = Release|Win32
		{3074871F-E677-4C04-A420-5EDBE48C5B0C}.Debug|Any CPU.ActiveCfg = Debug|Win32
		{3074871F-E677-4C04-A420-5EDBE48C5B0C}.Debug|x64.ActiveCfg = Debug|x64
		{3074871F-E677-4C04-A420-5EDBE48C5B0C}.Debug|x64.Build.0 = Debug|x64
		{3074871F-E677-4C04-A420-5EDBE48C5B0C}.Debug|x86.ActiveCfg = Debug|Win32
		{3074871F-E677-4C04-A420-5EDBE48C5B0C}.Debug|x86.Build.0 = Debug|Win32
		{3074871F-E677-4C04-A420-5EDBE48C5B0C}.Release|Any CPU.ActiveCfg = Release|Win32
		{3074871F-E677-4C04-A420-5EDBE48C5B0C}.Release|x64.ActiveCfg = Release|x64
		{3074871F-E677-4C04-A420-5EDBE48C5B0C}.Release|x64.Build.0 = Release|x64
		{3074871F-E677-4C04-A420-5EDBE48C5B0C}.Release|x86.ActiveCfg = Release|Win32
		{3074871F-E677-4C04-A420-5EDBE48C5B0C}.Release|x86.Build.0 = Release|Win32
		{DED666ED-7931-4FB6-8B5E-54C0F983EE70}.Debug|Any CPU.ActiveCfg = Debug|Win32
		{DED666ED-7931-4FB6-8B5E-54C0F983EE70}.Debug|x64.ActiveCfg = Debug|x64
		{DED666ED-7931-4FB6-8B5E-54C0F983EE70}.Debug|x64.Build.0 = Debug|x64
		{DED666ED-7931-4FB6-8B5E-54C0F983EE70}.Debug|x86.ActiveCfg = Debug|Win32
		{DED666ED-7931-4FB6-8B5E-54C0F983EE70}.Debug|x86.Build.0 = Debug|Win32
		{DED666ED-7931-4FB6-8B5E-54C0F983EE70}.Release|Any CPU.ActiveCfg = Release|Win32
		{DED666ED-7931-4FB6-8B5E-54C0F983EE70}.Release|x64.ActiveCfg = Release|x64
		{DED666ED-7931-4FB6-8B5E-54C0F983EE70}.Release|x64.Build.0 = Release|x64
		{DED666ED-7931-4FB6-8B5E-54C0F983EE70}.Release|x86.ActiveCfg = Release|Win32
		{DED666ED-7931-4FB6-8B5E-54C0F983EE70}.Release|x86.Build.0 = Release|Win32
		{3D961957-2EC6-4E44-8065-5A2695B879C8}.Debug|Any CPU.ActiveCfg = Debug|Win32
		{3D961957-2EC6-4E44-8065-5A2695B879C8}.Debug|x64.ActiveCfg = Debug|x64
		{3D961957-2EC6-4E44-8065-5A2695B879C8}.Debug|x64.Build.0 = Debug|x64
		{3D961957-2EC6-4E44-8065-5A2695B879C8}.Debug|x86.ActiveCfg = Debug|Win32
		{3D961957-2EC6-4E44-8065-5A2695B879C8}.Debug|x86.Build.0 = Debug|Win32
		{3D961957-2EC6-4E44-8065-5A2695B879C8}.Release|Any CPU.ActiveCfg = Release|Win32
		{3D961957-2EC6-4E44-8065-5A2695B879C8}.Release|x64.ActiveCfg = Release|x64
		{3D961957-2EC6-4E44-8065-5A2695B879C8}.Release|x64.Build.0 = Release|x64
		{3D961957-2EC6-4E44-8065-5A2695B879C8}.Release|x86.ActiveCfg = Release|Win32
		{3D961957-2EC6-4E44-8065-5A2695B879C8}.Release|x86.Build.0 = Release|Win32
		{2CC20EF7-EC21-4ACC-AE9C-08079BC2A21C}.Debug|Any CPU.ActiveCfg = Debug|Win32
		{2CC20EF7-EC21-4ACC-AE9C-08079BC2A21C}.Debug|x64.ActiveCfg = Debug|x64
		{2CC20EF7-EC21-4ACC-AE9C-08079BC2A21C}.Debug|x64.Build.0 = Debug|x64
		{2CC20EF7-EC21-4ACC-AE9C-08079BC2A21C}.Debug|x86.ActiveCfg = Debug|Win32
		{2CC20EF7-EC21-4ACC-AE9C-08079BC2A21C}.Debug|x86.Build.0 = Debug|Win32
		{2CC20EF7-EC21-4ACC-AE9C-08079BC2A21C}.Release|Any CPU.ActiveCfg = Release|Win32
		{2CC20EF7-EC21-4ACC-AE9C-08079BC2A21C}.Release|x64.ActiveCfg = Release|x64
		{2CC20EF7-EC21-4ACC-AE9C-08079BC2A21C}.Release|x64.Build.0 = Release|x64
		{2CC20EF7-EC21-4ACC-AE9C-08079BC2A21C}.Release|x86.ActiveCfg = Release|Win32
		{2CC20EF7-EC21-4ACC-AE9C-08079BC2A21C}.Release|x86.Build.0 = Release|Win32
		{7CFD9DB1-E99D-4FE5-AB59-7E437F5290B7}.Debug|Any CPU.ActiveCfg = Debug|Win32
		{7CFD9DB1-E99D-4FE5-AB59-7E437F5290B7}.Debug|x64.ActiveCfg = Debug|x64
		{7CFD9DB1-E99D-4FE5-AB59-7E437F5290B7}.Debug|x64.Build.0 = Debug|x64
		{7CFD9DB1-E99D-4FE5-AB59-7E437F5290B7}.Debug|x86.ActiveCfg = Debug|Win32
		{7CFD9DB1-E99D-4FE5-AB59-7E437F5290B7}.Debug|x86.Build.0 = Debug|Win32
		{7CFD9DB1-E99D-4FE5-AB59-7E437F5290B7}.Release|Any CPU.ActiveCfg = Release|Win32
		{7CFD9DB1-E99D-4FE5-AB59-7E437F5290B7}.Release|x64.ActiveCfg = Release|x64
		{7CFD9DB1-E99D-4FE5-AB59-7E437F5290B7}.Release|x64.Build.0 = Release|x64
		{7CFD9DB1-E99D-4FE5-AB59-7E437F5290B7}.Release|x86.ActiveCfg = Release|Win32
		{7CFD9DB1-E99D-4FE5-AB59-7E437F5290B7}.Release|x86.Build.0 = Release|Win32
		{0BDEF168-AFB3-4AD6-A061-B16123473B24}.Debug|Any CPU.ActiveCfg = Debug|Win32
		{0BDEF168-AFB3-4AD6-A061-B16123473B24}.Debug|x64.ActiveCfg = Debug|x64
		{0BDEF168-AFB3-4AD6-A061-B16123473B24}.Debug|x64.Build.0 = Debug|x64
		{0BDEF168-AFB3-4AD6-A061-B16123473B24}.Debug|x86.ActiveCfg = Debug|Win32
		{0BDEF168-AFB3-4AD6-A061-B16123473B24}.Debug|x86.Build.0 = Debug|Win32
		{0BDEF168-AFB3-4AD6-A061-B16123473B24}.Release|Any CPU.ActiveCfg = Release|Win32
		{0BDEF168-AFB3-4AD6-A061-B16123473B24}.Release|x64.ActiveCfg = Release|x64
		{0BDEF168-AFB3-4AD6-A061-B16123473B24}.Release|x64.Build.0 = Release|x64
		{0BDEF168-AFB3-4AD6-A061-B16123473B24}.Release|x86.ActiveCfg = Release|Win32
		{0BDEF168-AFB3-4AD6-A061-B16123473B24}.Release|x86.Build.0 = Release|Win32
		{4289FC7B-251B-4FE3-8D4D-07FC78792CEC}.Debug|Any CPU.ActiveCfg = Debug|Win32
		{4289FC7B-251B-4FE3-8D4D-07FC78792CEC}.Debug|x64.ActiveCfg = Debug|x64
		{4289FC7B-251B-4FE3-8D4D-07FC78792CEC}.Debug|x64.Build.0 = Debug|x64
		{4289FC7B-251B-4FE3-8D4D-07FC78792CEC}.Debug|x86.ActiveCfg = Debug|Win32
		{4289FC7B-251B-4FE3-8D4D-07FC78792CEC}.Debug|x86.Build.0 = Debug|Win32
		{4289FC7B-251B-4FE3-8D4D-07FC78792CEC}.Release|Any CPU.ActiveCfg = Release|Win32
		{4289FC7B-251B-4FE3-8D4D-07FC78792CEC}.Release|x64.ActiveCfg = Release|x64
		{4289FC7B-251B-4FE3-8D4D-07FC78792CEC}.Release|x64.Build.0 = Release|x64
		{4289FC7B-251B-4FE3-8D4D-07FC78792CEC}.Release|x86.ActiveCfg = Release|Win32
		{4289FC7B-251B-4FE3-8D4D-07FC78792CEC}.Release|x86.Build.0 = Release|Win32
		{62400A09-6145-4DC8-82B6-FC16FF6C69DE}.Debug|Any CPU.ActiveCfg = Debug|Win32
		{62400A09-6145-4DC8-82B6-FC16FF6C69DE}.Debug|x64.ActiveCfg = Debug|x64
		{62400A09-6145-4DC8-82B6-FC16FF6C69DE}.Debug|x64.Build.0 = Debug|x64
		{62400A09-6145-4DC8-82B6-FC16FF6C69DE}.Debug|x86.ActiveCfg = Debug|Win32
		{62400A09-6145-4DC8-82B6-FC16FF6C69DE}.Debug|x86.Build.0 = Debug|Win32
		{62400A09-6145-4DC8-82B6-FC16FF6C69DE}.Release|Any CPU.ActiveCfg = Release|Win32
		{62400A09-6145-4DC8-82B6-FC16FF6C69DE}.Release|x64.ActiveCfg = Release|x64
		{62400A09-6145-4DC8-82B6-FC16FF6C69DE}.Release|x64.Build.0 = Release|x64
		{62400A09-6145-4DC8-82B6-FC16FF6C69DE}.Release|x86.ActiveCfg = Release|Win32
		{62400A09-6145-4DC8-82B6-FC16FF6C69DE}.Release|x86.Build.0 = Release|Win32
		{E22646CE-B6F8-4C14-87AB-20931BBB0DD7}.Debug|Any CPU.ActiveCfg = Debug|Win32
		{E22646CE-B6F8-4C14-87AB-20931BBB0DD7}.Debug|x64.ActiveCfg = Debug|x64
		{E22646CE-B6F8-4C14-87AB-20931BBB0DD7}.Debug|x64.Build.0 = Debug|x64
		{E22646CE-B6F8-4C14-87AB-20931BBB0DD7}.Debug|x86.ActiveCfg = Debug|Win32
		{E22646CE-B6F8-4C14-87AB-20931BBB0DD7}.Debug|x86.Build.0 = Debug|Win32
		{E22646CE-B6F8-4C14-87AB-20931BBB0DD7}.Release|Any CPU.ActiveCfg = Release|Win32
		{E22646CE-B6F8-4C14-87AB-20931BBB0DD7}.Release|x64.ActiveCfg = Release|x64
		{E22646CE-B6F8-4C14-87AB-20931BBB0DD7}.Release|x64.Build.0 = Release|x64
		{E22646CE-B6F8-4C14-87AB-20931BBB0DD7}.Release|x86.ActiveCfg = Release|Win32
		{E22646CE-B6F8-4C14-87AB-20931BBB0DD7}.Release|x86.Build.0 = Release|Win32
		{3A6BAB35-367C-4338-9B18-25A52477FB92}.Debug|Any CPU.ActiveCfg = Debug|Win32
		{3A6BAB35-367C-4338-9B18-25A52477FB92}.Debug|x64.ActiveCfg = Debug|x64
		{3A6BAB35-367C-4338-9B18-25A52477FB92}.Debug|x64.Build.0 = Debug|x64
		{3A6BAB35-367C-4338-9B18-25A52477FB92}.Debug|x86.ActiveCfg = Debug|Win32
		{3A6BAB35-367C-4338-9B18-25A52477FB92}.Debug|x86.Build.0 = Debug|Win32
		{3A6BAB35-367C-4338-9B18-25A52477FB92}.Release|Any CPU.ActiveCfg = Release|Win32
		{3A6BAB35-367C-4338-9B18-25A52477FB92}.Release|x64.ActiveCfg = Release|x64
		{3A6BAB35-367C-4338-9B18-25A52477FB92}.Release|x64.Build.0 = Release|x64
		{3A6BAB35-367C-4338-9B18-25A52477FB92}.Release|x86.ActiveCfg = Release|Win32
		{3A6BAB35-367C-4338-9B18-25A52477FB92}.Release|x86.Build.0 = Release|Win32
		{43C78D8F-575E-4D2C-8D4B-F77782F0FBFD}.Debug|Any CPU.ActiveCfg = Debug|Win32
		{43C78D8F-575E-4D2C-8D4B-F77782F0FBFD}.Debug|x64.ActiveCfg = Debug|x64
		{43C78D8F-575E-4D2C-8D4B-F77782F0FBFD}.Debug|x64.Build.0 = Debug|x64
		{43C78D8F-575E-4D2C-8D4B-F77782F0FBFD}.Debug|x86.ActiveCfg = Debug|Win32
		{43C78D8F-575E-4D2C-8D4B-F77782F0FBFD}.Debug|x86.Build.0 = Debug|Win32
		{43C78D8F-575E-4D2C-8D4B-F77782F0FBFD}.Release|Any CPU.ActiveCfg = Release|Win32
		{43C78D8F-575E-4D2C-8D4B-F77782F0FBFD}.Release|x64.ActiveCfg = Release|x64
		{43C78D8F-575E-4D2C-8D4B-F77782F0FBFD}.Release|x64.Build.0 = Release|x64
		{43C78D8F-575E-4D2C-8D4B-F77782F0FBFD}.Release|x86.ActiveCfg = Release|Win32
		{43C78D8F-575E-4D2C-8D4B-F77782F0FBFD}.Release|x86.Build.0 = Release|Win32
		{0E29C126-CD1F-44C2-9FBE-3A2BB0395169}.Debug|Any CPU.ActiveCfg = Debug|Win32
		{0E29C126-CD1F-44C2-9FBE-3A2BB0395169}.Debug|x64.ActiveCfg = Debug|x64
		{0E29C126-CD1F-44C2-9FBE-3A2BB0395169}.Debug|x64.Build.0 = Debug|x64
		{0E29C126-CD1F-44C2-9FBE-3A2BB0395169}.Debug|x86.ActiveCfg = Debug|Win32
		{0E29C126-CD1F-44C2-9FBE-3A2BB0395169}.Debug|x86.Build.0 = Debug|Win32
		{0E29C126-CD1F-44C2-9FBE-3A2BB0395169}.Release|Any CPU.ActiveCfg = Release|Win32
		{0E29C126-CD1F-44C2-9FBE-3A2BB0395169}.Release|x64.ActiveCfg = Release|x64
		{0E29C126-CD1F-44C2-9FBE-3A2BB0395169}.Release|x64.Build.0 = Release|x64
		{0E29C126-CD1F-44C2-9FBE-3A2BB0395169}.Release|x86.ActiveCfg = Release|Win32
		{0E29C126-CD1F-44C2-9FBE-3A2BB0395169}.Release|x86.Build.0 = Release|Win32
		{75CFCACB-BC1A-4CD4-AE7F-9C8D299F20B3}.Debug|Any CPU.ActiveCfg = Debug|Win32
		{75CFCACB-BC1A-4CD4-AE7F-9C8D299F20B3}.Debug|x64.ActiveCfg = Debug|x64
		{75CFCACB-BC1A-4CD4-AE7F-9C8D299F20B3}.Debug|x64.Build.0 = Debug|x64
		{75CFCACB-BC1A-4CD4-AE7F-9C8D299F20B3}.Debug|x86.ActiveCfg = Debug|Win32
		{75CFCACB-BC1A-4CD4-AE7F-9C8D299F20B3}.Debug|x86.Build.0 = Debug|Win32
		{75CFCACB-BC1A-4CD4-AE7F-9C8D299F20B3}.Release|Any CPU.ActiveCfg = Release|Win32
		{75CFCACB-BC1A-4CD4-AE7F-9C8D299F20B3}.Release|x64.ActiveCfg = Release|x64
		{75CFCACB-BC1A-4CD4-AE7F-9C8D299F20B3}.Release|x64.Build.0 = Release|x64
		{75CFCACB-BC1A-4CD4-AE7F-9C8D299F20B3}.Release|x86.ActiveCfg = Release|Win32
		{75CFCACB-BC1A-4CD4-AE7F-9C8D299F20B3}.Release|x86.Build.0 = Release|Win32
		{A677BE73-FCFC-4A2F-AD23-571579FCFFCD}.Debug|Any CPU.ActiveCfg = Debug|Win32
		{A677BE73-FCFC-4A2F-AD23-571579FCFFCD}.Debug|x64.ActiveCfg = Debug|x64
		{A677BE73-FCFC-4A2F-AD23-571579FCFFCD}.Debug|x64.Build.0 = Debug|x64
		{A677BE73-FCFC-4A2F-AD23-571579FCFFCD}.Debug|x86.ActiveCfg = Debug|Win32
		{A677BE73-FCFC-4A2F-AD23-571579FCFFCD}.Debug|x86.Build.0 = Debug|Win32
		{A677BE73-FCFC-4A2F-AD23-571579FCFFCD}.Release|Any CPU.ActiveCfg = Release|Win32
		{A677BE73-FCFC-4A2F-AD23-571579FCFFCD}.Release|x64.ActiveCfg = Release|x64
		{A677BE73-FCFC-4A2F-AD23-571579FCFFCD}.Release|x64.Build.0 = Release|x64
		{A677BE73-FCFC-4A2F-AD23-571579FCFFCD}.Release|x86.ActiveCfg = Release|Win32
		{A677BE73-FCFC-4A2F-AD23-571579FCFFCD}.Release|x86.Build.0 = Release|Win32
		{AEE7F843-45BF-4FC7-AA15-F3B4E24854C9}.Debug|Any CPU.ActiveCfg = Debug|Win32
		{AEE7F843-45BF-4FC7-AA15-F3B4E24854C9}.Debug|x64.ActiveCfg = Debug|x64
		{AEE7F843-45BF-4FC7-AA15-F3B4E24854C9}.Debug|x64.Build.0 = Debug|x64
		{AEE7F843-45BF-4FC7-AA15-F3B4E24854C9}.Debug|x86.ActiveCfg = Debug|Win32
		{AEE7F843-45BF-4FC7-AA15-F3B4E24854C9}.Debug|x86.Build.0 = Debug|Win32
		{AEE7F843-45BF-4FC7-AA15-F3B4E24854C9}.Release|Any CPU.ActiveCfg = Release|Win32
		{AEE7F843-45BF-4FC7-AA15-F3B4E24854C9}.Release|x64.ActiveCfg = Release|x64
		{AEE7F843-45BF-4FC7-AA15-F3B4E24854C9}.Release|x64.Build.0 = Release|x64
		{AEE7F843-45BF-4FC7-AA15-F3B4E24854C9}.Release|x86.ActiveCfg = Release|Win32
		{AEE7F843-45BF-4FC7-AA15-F3B4E24854C9}.Release|x86.Build.0 = Release|Win32
		{5A5CB28C-CF5B-4175-98F9-6BECA095DFA2}.Debug|Any CPU.ActiveCfg = Debug|Win32
		{5A5CB28C-CF5B-4175-98F9-6BECA095DFA2}.Debug|x64.ActiveCfg = Debug|x64
		{5A5CB28C-CF5B-4175-98F9-6BECA095DFA2}.Debug|x64.Build.0 = Debug|x64
		{5A5CB28C-CF5B-4175-98F9-6BECA095DFA2}.Debug|x86.ActiveCfg = Debug|Win32
		{5A5CB28C-CF5B-4175-98F9-6BECA095DFA2}.Debug|x86.Build.0 = Debug|Win32
		{5A5CB28C-CF5B-4175-98F9-6BECA095DFA2}.Release|Any CPU.ActiveCfg = Release|Win32
		{5A5CB28C-CF5B-4175-98F9-6BECA095DFA2}.Release|x64.ActiveCfg = Release|x64
		{5A5CB28C-CF5B-4175-98F9-6BECA095DFA2}.Release|x64.Build.0 = Release|x64
		{5A5CB28C-CF5B-4175-98F9-6BECA095DFA2}.Release|x86.ActiveCfg = Release|Win32
		{5A5CB28C-CF5B-4175-98F9-6BECA095DFA2}.Release|x86.Build.0 = Release|Win32
		{8E434528-9117-4E64-845E-E4401CF0F4CA}.Debug|Any CPU.ActiveCfg = Debug|Win32
		{8E434528-9117-4E64-845E-E4401CF0F4CA}.Debug|x64.ActiveCfg = Debug|x64
		{8E434528-9117-4E64-845E-E4401CF0F4CA}.Debug|x64.Build.0 = Debug|x64
		{8E434528-9117-4E64-845E-E4401CF0F4CA}.Debug|x86.ActiveCfg = Debug|Win32
		{8E434528-9117-4E64-845E-E4401CF0F4CA}.Debug|x86.Build.0 = Debug|Win32
		{8E434528-9117-4E64-845E-E4401CF0F4CA}.Release|Any CPU.ActiveCfg = Release|Win32
		{8E434528-9117-4E64-845E-E4401CF0F4CA}.Release|x64.ActiveCfg = Release|x64
		{8E434528-9117-4E64-845E-E4401CF0F4CA}.Release|x64.Build.0 = Release|x64
		{8E434528-9117-4E64-845E-E4401CF0F4CA}.Release|x86.ActiveCfg = Release|Win32
		{8E434528-9117-4E64-845E-E4401CF0F4CA}.Release|x86.Build.0 = Release|Win32
		{03E5D17A-6B84-49EC-8193-3523DAE6E209}.Debug|Any CPU.ActiveCfg = Debug|Win32
		{03E5D17A-6B84-49EC-8193-3523DAE6E209}.Debug|x64.ActiveCfg = Debug|x64
		{03E5D17A-6B84-49EC-8193-3523DAE6E209}.Debug|x64.Build.0 = Debug|x64
		{03E5D17A-6B84-49EC-8193-3523DAE6E209}.Debug|x86.ActiveCfg = Debug|Win32
		{03E5D17A-6B84-49EC-8193-3523DAE6E209}.Debug|x86.Build.0 = Debug|Win32
		{03E5D17A-6B84-49EC-8193-3523DAE6E209}.Release|Any CPU.ActiveCfg = Release|Win32
		{03E5D17A-6B84-49EC-8193-3523DAE6E209}.Release|x64.ActiveCfg = Release|x64
		{03E5D17A-6B84-49EC-8193-3523DAE6E209}.Release|x64.Build.0 = Release|x64
		{03E5D17A-6B84-49EC-8193-3523DAE6E209}.Release|x86.ActiveCfg = Release|Win32
		{03E5D17A-6B84-49EC-8193-3523DAE6E209}.Release|x86.Build.0 = Release|Win32
		{27BE96F0-16DE-432E-BB8C-BA6C5502CD5E}.Debug|Any CPU.ActiveCfg = Debug|Win32
		{27BE96F0-16DE-432E-BB8C-BA6C5502CD5E}.Debug|x64.ActiveCfg = Debug|x64
		{27BE96F0-16DE-432E-BB8C-BA6C5502CD5E}.Debug|x64.Build.0 = Debug|x64
		{27BE96F0-16DE-432E-BB8C-BA6C5502CD5E}.Debug|x86.ActiveCfg = Debug|Win32
		{27BE96F0-16DE-432E-BB8C-BA6C5502CD5E}.Debug|x86.Build.0 = Debug|Win32
		{27BE96F0-16DE-432E-BB8C-BA6C5502CD5E}.Release|Any CPU.ActiveCfg = Release|Win32
		{27BE96F0-16DE-432E-BB8C-BA6C5502CD5E}.Release|x64.ActiveCfg = Release|x64
		{27BE96F0-16DE-432E-BB8C-BA6C5502CD5E}.Release|x64.Build.0 = Release|x64
		{27BE96F0-16DE-432E-BB8C-BA6C5502CD5E}.Release|x86.ActiveCfg = Release|Win32
		{27BE96F0-16DE-432E-BB8C-BA6C5502CD5E}.Release|x86.Build.0 = Release|Win32
		{02F57823-B69C-4342-B903-2241EA5729A5}.Debug|Any CPU.ActiveCfg = Debug|Win32
		{02F57823-B69C-4342-B903-2241EA5729A5}.Debug|x64.ActiveCfg = Debug|x64
		{02F57823-B69C-4342-B903-2241EA5729A5}.Debug|x64.Build.0 = Debug|x64
		{02F57823-B69C-4342-B903-2241EA5729A5}.Debug|x86.ActiveCfg = Debug|Win32
		{02F57823-B69C-4342-B903-2241EA5729A5}.Debug|x86.Build.0 = Debug|Win32
		{02F57823-B69C-4342-B903-2241EA5729A5}.Release|Any CPU.ActiveCfg = Release|Win32
		{02F57823-B69C-4342-B903-2241EA5729A5}.Release|x64.ActiveCfg = Release|x64
		{02F57823-B69C-4342-B903-2241EA5729A5}.Release|x64.Build.0 = Release|x64
		{02F57823-B69C-4342-B903-2241EA5729A5}.Release|x86.ActiveCfg = Release|Win32
		{02F57823-B69C-4342-B903-2241EA5729A5}.Release|x86.Build.0 = Release|Win32
		{BDA947DB-CA54-49AA-AAFF-9DEAE7DD4727}.Debug|Any CPU.ActiveCfg = Debug|Win32
		{BDA947DB-CA54-49AA-AAFF-9DEAE7DD4727}.Debug|x64.ActiveCfg = Debug|x64
		{BDA947DB-CA54-49AA-AAFF-9DEAE7DD4727}.Debug|x64.Build.0 = Debug|x64
		{BDA947DB-CA54-49AA-AAFF-9DEAE7DD4727}.Debug|x86.ActiveCfg = Debug|Win32
		{BDA947DB-CA54-49AA-AAFF-9DEAE7DD4727}.Debug|x86.Build.0 = Debug|Win32
		{BDA947DB-CA54-49AA-AAFF-9DEAE7DD4727}.Release|Any CPU.ActiveCfg = Release|Win32
		{BDA947DB-CA54-49AA-AAFF-9DEAE7DD4727}.Release|x64.ActiveCfg = Release|x64
		{BDA947DB-CA54-49AA-AAFF-9DEAE7DD4727}.Release|x64.Build.0 = Release|x64
		{BDA947DB-CA54-49AA-AAFF-9DEAE7DD4727}.Release|x86.ActiveCfg = Release|Win32
		{BDA947DB-CA54-49AA-AAFF-9DEAE7DD4727}.Release|x86.Build.0 = Release|Win32
		{241450CE-983E-45A2-8A04-5B9A5D1D7EFF}.Debug|Any CPU.ActiveCfg = Debug|Win32
		{241450CE-983E-45A2-8A04-5B9A5D1D7EFF}.Debug|x64.ActiveCfg = Debug|x64
		{241450CE-983E-45A2-8A04-5B9A5D1D7EFF}.Debug|x64.Build.0 = Debug|x64
		{241450CE-983E-45A2-8A04-5B9A5D1D7EFF}.Debug|x86.ActiveCfg = Debug|Win32
		{241450CE-983E-45A2-8A04-5B9A5D1D7EFF}.Debug|x86.Build.0 = Debug|Win32
		{241450CE-983E-45A2-8A04-5B9A5D1D7EFF}.Release|Any CPU.ActiveCfg = Release|Win32
		{241450CE-983E-45A2-8A04-5B9A5D1D7EFF}.Release|x64.ActiveCfg = Release|x64
		{241450CE-983E-45A2-8A04-5B9A5D1D7EFF}.Release|x64.Build.0 = Release|x64
		{241450CE-983E-45A2-8A04-5B9A5D1D7EFF}.Release|x86.ActiveCfg = Release|Win32
		{241450CE-983E-45A2-8A04-5B9A5D1D7EFF}.Release|x86.Build.0 = Release|Win32
		{5B2856A8-6B69-4817-A8EA-9993A2253CAD}.Debug|Any CPU.ActiveCfg = Debug|Win32
		{5B2856A8-6B69-4817-A8EA-9993A2253CAD}.Debug|x64.ActiveCfg = Debug|x64
		{5B2856A8-6B69-4817-A8EA-9993A2253CAD}.Debug|x64.Build.0 = Debug|x64
		{5B2856A8-6B69-4817-A8EA-9993A2253CAD}.Debug|x86.ActiveCfg = Debug|Win32
		{5B2856A8-6B69-4817-A8EA-9993A2253CAD}.Debug|x86.Build.0 = Debug|Win32
		{5B2856A8-6B69-4817-A8EA-9993A2253CAD}.Release|Any CPU.ActiveCfg = Release|Win32
		{5B2856A8-6B69-4817-A8EA-9993A2253CAD}.Release|x64.ActiveCfg = Release|x64
		{5B2856A8-6B69-4817-A8EA-9993A2253CAD}.Release|x64.Build.0 = Release|x64
		{5B2856A8-6B69-4817-A8EA-9993A2253CAD}.Release|x86.ActiveCfg = Release|Win32
		{5B2856A8-6B69-4817-A8EA-9993A2253CAD}.Release|x86.Build.0 = Release|Win32
		{7B12C7F2-BB10-4A5C-B676-F1DC7EA71D88}.Debug|Any CPU.ActiveCfg = Debug|Win32
		{7B12C7F2-BB10-4A5C-B676-F1DC7EA71D88}.Debug|x64.ActiveCfg = Debug|x64
		{7B12C7F2-BB10-4A5C-B676-F1DC7EA71D88}.Debug|x64.Build.0 = Debug|x64
		{7B12C7F2-BB10-4A5C-B676-F1DC7EA71D88}.Debug|x86.ActiveCfg = Debug|Win32
		{7B12C7F2-BB10-4A5C-B676-F1DC7EA71D88}.Debug|x86.Build.0 = Debug|Win32
		{7B12C7F2-BB10-4A5C-B676-F1DC7EA71D88}.Release|Any CPU.ActiveCfg = Release|Win32
		{7B12C7F2-BB10-4A5C-B676-F1DC7EA71D88}.Release|x64.ActiveCfg = Release|x64
		{7B12C7F2-BB10-4A5C-B676-F1DC7EA71D88}.Release|x64.Build.0 = Release|x64
		{7B12C7F2-BB10-4A5C-B676-F1DC7EA71D88}.Release|x86.ActiveCfg = Release|Win32
		{7B12C7F2-BB10-4A5C-B676-F1DC7EA71D88}.Release|x86.Build.0 = Release|Win32
	EndGlobalSection
	GlobalSection(SolutionProperties) = preSolution
		HideSolutionNode = FALSE
	EndGlobalSection
EndGlobal
